
Microsoft Visual Studio Solution File, Format Version 12.00
# Visual Studio Version 17
VisualStudioVersion = 17.2.32616.157
MinimumVisualStudioVersion = 10.0.40219.1
Project("{9A19103F-16F7-4668-BE54-9A1E7A4F7556}") = "Calculator", "Calculator.csproj", "{246CDE5F-EF96-40EA-B4BF-6E36DADF7708}"
EndProject
Project("{FAE04EC0-301F-11D3-BF4B-00C04F79EFBC}") = "Calculator.Tests", "..\Calculator.Tests\Calculator.Tests.csproj", "{1E1FA6FA-5DF6-48E6-BFD2-D5185E16A9FA}"
EndProject
Global
	GlobalSection(SolutionConfigurationPlatforms) = preSolution
		Debug|Any CPU = Debug|Any CPU
		Release|Any CPU = Release|Any CPU
	EndGlobalSection
	GlobalSection(ProjectConfigurationPlatforms) = postSolution
		{246CDE5F-EF96-40EA-B4BF-6E36DADF7708}.Debug|Any CPU.ActiveCfg = Debug|Any CPU
		{246CDE5F-EF96-40EA-B4BF-6E36DADF7708}.Debug|Any CPU.Build.0 = Debug|Any CPU
		{246CDE5F-EF96-40EA-B4BF-6E36DADF7708}.Release|Any CPU.ActiveCfg = Release|Any CPU
		{246CDE5F-EF96-40EA-B4BF-6E36DADF7708}.Release|Any CPU.Build.0 = Release|Any CPU
		{1E1FA6FA-5DF6-48E6-BFD2-D5185E16A9FA}.Debug|Any CPU.ActiveCfg = Debug|Any CPU
		{1E1FA6FA-5DF6-48E6-BFD2-D5185E16A9FA}.Debug|Any CPU.Build.0 = Debug|Any CPU
		{1E1FA6FA-5DF6-48E6-BFD2-D5185E16A9FA}.Release|Any CPU.ActiveCfg = Release|Any CPU
		{1E1FA6FA-5DF6-48E6-BFD2-D5185E16A9FA}.Release|Any CPU.Build.0 = Release|Any CPU
	EndGlobalSection
	GlobalSection(SolutionProperties) = preSolution
		HideSolutionNode = FALSE
	EndGlobalSection
	GlobalSection(ExtensibilityGlobals) = postSolution
		SolutionGuid = {1E4E24A6-75B6-466A-B28C-9B1C5BDB9711}
	EndGlobalSection
EndGlobal
